<?xml version="1.0" encoding="utf-8"?>
<Project ToolsVersion="4.0" xmlns="http://schemas.microsoft.com/developer/msbuild/2003">
  <ItemGroup>
    <Filter Include="Source Files">
      <UniqueIdentifier>{4FC737F1-C7A5-4376-A066-2A32D752A2FF}</UniqueIdentifier>
      <Extensions>cpp;c;cc;cxx;def;odl;idl;hpj;bat;asm;asmx</Extensions>
    </Filter>
    <Filter Include="Header Files">
      <UniqueIdentifier>{93995380-89BD-4b04-88EB-625FBE52EBFB}</UniqueIdentifier>
      <Extensions>h;hpp;hxx;hm;inl;inc;xsd</Extensions>
    </Filter>
  </ItemGroup>
  <ItemGroup>
    <ClCompile Include="..\..\Sources\lua-5.1.4\lapi.c">
      <Filter>Source Files</Filter>
    </ClCompile>
    <ClCompile Include="..\..\Sources\lua-5.1.4\lauxlib.c">
      <Filter>Source Files</Filter>
    </ClCompile>
    <ClCompile Include="..\..\Sources\lua-5.1.4\lbaselib.c">
      <Filter>Source Files</Filter>
    </ClCompile>
    <ClCompile Include="..\..\Sources\lua-5.1.4\lcode.c">
      <Filter>Source Files</Filter>
    </ClCompile>
    <ClCompile Include="..\..\Sources\lua-5.1.4\ldblib.c">
      <Filter>Source Files</Filter>
    </ClCompile>
    <ClCompile Include="..\..\Sources\lua-5.1.4\ldebug.c">
      <Filter>Source Files</Filter>
    </ClCompile>
    <ClCompile Include="..\..\Sources\lua-5.1.4\ldo.c">
      <Filter>Source Files</Filter>
    </ClCompile>
    <ClCompile Include="..\..\Sources\lua-5.1.4\ldump.c">
      <Filter>Source Files</Filter>
    </ClCompile>
    <ClCompile Include="..\..\Sources\lua-5.1.4\lfunc.c">
      <Filter>Source Files</Filter>
    </ClCompile>
    <ClCompile Include="..\..\Sources\lua-5.1.4\lgc.c">
      <Filter>Source Files</Filter>
    </ClCompile>
    <ClCompile Include="..\..\Sources\lua-5.1.4\linit.c">
      <Filter>Source Files</Filter>
    </ClCompile>
    <ClCompile Include="..\..\Sources\lua-5.1.4\liolib.c">
      <Filter>Source Files</Filter>
    </ClCompile>
    <ClCompile Include="..\..\Sources\lua-5.1.4\llex.c">
      <Filter>Source Files</Filter>
    </ClCompile>
    <ClCompile Include="..\..\Sources\lua-5.1.4\lmathlib.c">
      <Filter>Source Files</Filter>
    </ClCompile>
    <ClCompile Include="..\..\Sources\lua-5.1.4\lmem.c">
      <Filter>Source Files</Filter>
    </ClCompile>
    <ClCompile Include="..\..\Sources\lua-5.1.4\loadlib.c">
      <Filter>Source Files</Filter>
    </ClCompile>
    <ClCompile Include="..\..\Sources\lua-5.1.4\lobject.c">
      <Filter>Source Files</Filter>
    </ClCompile>
    <ClCompile Include="..\..\Sources\lua-5.1.4\lopcodes.c">
      <Filter>Source Files</Filter>
    </ClCompile>
    <ClCompile Include="..\..\Sources\lua-5.1.4\loslib.c">
      <Filter>Source Files</Filter>
    </ClCompile>
    <ClCompile Include="..\..\Sources\lua-5.1.4\lparser.c">
      <Filter>Source Files</Filter>
    </ClCompile>
    <ClCompile Include="..\..\Sources\lua-5.1.4\lstate.c">
      <Filter>Source Files</Filter>
    </ClCompile>
    <ClCompile Include="..\..\Sources\lua-5.1.4\lstring.c">
      <Filter>Source Files</Filter>
    </ClCompile>
    <ClCompile Include="..\..\Sources\lua-5.1.4\lstrlib.c">
      <Filter>Source Files</Filter>
    </ClCompile>
    <ClCompile Include="..\..\Sources\lua-5.1.4\ltable.c">
      <Filter>Source Files</Filter>
    </ClCompile>
    <ClCompile Include="..\..\Sources\lua-5.1.4\ltablib.c">
      <Filter>Source Files</Filter>
    </ClCompile>
    <ClCompile Include="..\..\Sources\lua-5.1.4\ltm.c">
      <Filter>Source Files</Filter>
    </ClCompile>
    <ClCompile Include="..\..\Sources\lua-5.1.4\lundump.c">
      <Filter>Source Files</Filter>
    </ClCompile>
    <ClCompile Include="..\..\Sources\lua-5.1.4\lvm.c">
      <Filter>Source Files</Filter>
    </ClCompile>
    <ClCompile Include="..\..\Sources\lua-5.1.4\lzio.c">
      <Filter>Source Files</Filter>
    </ClCompile>
    <ClCompile Include="..\..\Sources\lua-5.1.4\luasocket\auxiliar.c">
      <Filter>Source Files</Filter>
    </ClCompile>
    <ClCompile Include="..\..\Sources\lua-5.1.4\luasocket\buffer.c">
      <Filter>Source Files</Filter>
    </ClCompile>
    <ClCompile Include="..\..\Sources\lua-5.1.4\luasocket\except.c">
      <Filter>Source Files</Filter>
    </ClCompile>
    <ClCompile Include="..\..\Sources\lua-5.1.4\luasocket\inet.c">
      <Filter>Source Files</Filter>
    </ClCompile>
    <ClCompile Include="..\..\Sources\lua-5.1.4\luasocket\io.c">
      <Filter>Source Files</Filter>
    </ClCompile>
    <ClCompile Include="..\..\Sources\lua-5.1.4\luasocket\luasocket.c">
      <Filter>Source Files</Filter>
    </ClCompile>
    <ClCompile Include="..\..\Sources\lua-5.1.4\luasocket\mime.c">
      <Filter>Source Files</Filter>
    </ClCompile>
    <ClCompile Include="..\..\Sources\lua-5.1.4\luasocket\options.c">
      <Filter>Source Files</Filter>
    </ClCompile>
    <ClCompile Include="..\..\Sources\lua-5.1.4\luasocket\select.c">
      <Filter>Source Files</Filter>
    </ClCompile>
    <ClCompile Include="..\..\Sources\lua-5.1.4\luasocket\tcp.c">
      <Filter>Source Files</Filter>
    </ClCompile>
    <ClCompile Include="..\..\Sources\lua-5.1.4\luasocket\timeout.c">
      <Filter>Source Files</Filter>
    </ClCompile>
    <ClCompile Include="..\..\Sources\lua-5.1.4\luasocket\udp.c">
      <Filter>Source Files</Filter>
    </ClCompile>
    <ClCompile Include="..\..\Sources\lua-5.1.4\luasocket\wsocket.c">
      <Filter>Source Files</Filter>
    </ClCompile>
  </ItemGroup>
  <ItemGroup>
    <ClInclude Include="..\..\Sources\lua-5.1.4\lapi.h">
      <Filter>Header Files</Filter>
    </ClInclude>
    <ClInclude Include="..\..\Sources\lua-5.1.4\lauxlib.h">
      <Filter>Header Files</Filter>
    </ClInclude>
    <ClInclude Include="..\..\Sources\lua-5.1.4\lcode.h">
      <Filter>Header Files</Filter>
    </ClInclude>
    <ClInclude Include="..\..\Sources\lua-5.1.4\ldebug.h">
      <Filter>Header Files</Filter>
    </ClInclude>
    <ClInclude Include="..\..\Sources\lua-5.1.4\ldo.h">
      <Filter>Header Files</Filter>
    </ClInclude>
    <ClInclude Include="..\..\Sources\lua-5.1.4\lfunc.h">
      <Filter>Header Files</Filter>
    </ClInclude>
    <ClInclude Include="..\..\Sources\lua-5.1.4\lgc.h">
      <Filter>Header Files</Filter>
    </ClInclude>
    <ClInclude Include="..\..\Sources\lua-5.1.4\llex.h">
      <Filter>Header Files</Filter>
    </ClInclude>
    <ClInclude Include="..\..\Sources\lua-5.1.4\llimits.h">
      <Filter>Header Files</Filter>
    </ClInclude>
    <ClInclude Include="..\..\Sources\lua-5.1.4\lmem.h">
      <Filter>Header Files</Filter>
    </ClInclude>
    <ClInclude Include="..\..\Sources\lua-5.1.4\lobject.h">
      <Filter>Header Files</Filter>
    </ClInclude>
    <ClInclude Include="..\..\Sources\lua-5.1.4\lopcodes.h">
      <Filter>Header Files</Filter>
    </ClInclude>
    <ClInclude Include="..\..\Sources\lua-5.1.4\lparser.h">
      <Filter>Header Files</Filter>
    </ClInclude>
    <ClInclude Include="..\..\Sources\lua-5.1.4\lstate.h">
      <Filter>Header Files</Filter>
    </ClInclude>
    <ClInclude Include="..\..\Sources\lua-5.1.4\lstring.h">
      <Filter>Header Files</Filter>
    </ClInclude>
    <ClInclude Include="..\..\Sources\lua-5.1.4\ltable.h">
      <Filter>Header Files</Filter>
    </ClInclude>
    <ClInclude Include="..\..\Sources\lua-5.1.4\ltm.h">
      <Filter>Header Files</Filter>
    </ClInclude>
    <ClInclude Include="..\..\Sources\lua-5.1.4\lua.h">
      <Filter>Header Files</Filter>
    </ClInclude>
    <ClInclude Include="..\..\Sources\lua-5.1.4\luaconf.h">
      <Filter>Header Files</Filter>
    </ClInclude>
    <ClInclude Include="..\..\Sources\lua-5.1.4\lualib.h">
      <Filter>Header Files</Filter>
    </ClInclude>
    <ClInclude Include="..\..\Sources\lua-5.1.4\lundump.h">
      <Filter>Header Files</Filter>
    </ClInclude>
    <ClInclude Include="..\..\Sources\lua-5.1.4\lvm.h">
      <Filter>Header Files</Filter>
    </ClInclude>
    <ClInclude Include="..\..\Sources\lua-5.1.4\lzio.h">
      <Filter>Header Files</Filter>
    </ClInclude>
    <ClInclude Include="..\..\Sources\lua-5.1.4\luasocket\auxiliar.h">
      <Filter>Header Files</Filter>
    </ClInclude>
    <ClInclude Include="..\..\Sources\lua-5.1.4\luasocket\buffer.h">
      <Filter>Header Files</Filter>
    </ClInclude>
    <ClInclude Include="..\..\Sources\lua-5.1.4\luasocket\except.h">
      <Filter>Header Files</Filter>
    </ClInclude>
    <ClInclude Include="..\..\Sources\lua-5.1.4\luasocket\inet.h">
      <Filter>Header Files</Filter>
    </ClInclude>
    <ClInclude Include="..\..\Sources\lua-5.1.4\luasocket\io.h">
      <Filter>Header Files</Filter>
    </ClInclude>
    <ClInclude Include="..\..\Sources\lua-5.1.4\luasocket\luasocket.h">
      <Filter>Header Files</Filter>
    </ClInclude>
    <ClInclude Include="..\..\Sources\lua-5.1.4\luasocket\mime.h">
      <Filter>Header Files</Filter>
    </ClInclude>
    <ClInclude Include="..\..\Sources\lua-5.1.4\luasocket\options.h">
      <Filter>Header Files</Filter>
    </ClInclude>
    <ClInclude Include="..\..\Sources\lua-5.1.4\luasocket\select.h">
      <Filter>Header Files</Filter>
    </ClInclude>
    <ClInclude Include="..\..\Sources\lua-5.1.4\luasocket\socket.h">
      <Filter>Header Files</Filter>
    </ClInclude>
    <ClInclude Include="..\..\Sources\lua-5.1.4\luasocket\tcp.h">
      <Filter>Header Files</Filter>
    </ClInclude>
    <ClInclude Include="..\..\Sources\lua-5.1.4\luasocket\timeout.h">
      <Filter>Header Files</Filter>
    </ClInclude>
    <ClInclude Include="..\..\Sources\lua-5.1.4\luasocket\udp.h">
      <Filter>Header Files</Filter>
    </ClInclude>
    <ClInclude Include="..\..\Sources\lua-5.1.4\luasocket\unix.h">
      <Filter>Header Files</Filter>
    </ClInclude>
    <ClInclude Include="..\..\Sources\lua-5.1.4\luasocket\usocket.h">
      <Filter>Header Files</Filter>
    </ClInclude>
    <ClInclude Include="..\..\Sources\lua-5.1.4\luasocket\wsocket.h">
      <Filter>Header Files</Filter>
    </ClInclude>
  </ItemGroup>
</Project>